<?xml version="1.0" encoding="utf-8"?>
<Project ToolsVersion="4.0" xmlns="http://schemas.microsoft.com/developer/msbuild/2003">
  <ItemGroup>
    <Filter Include="源文件">
      <UniqueIdentifier>{4FC737F1-C7A5-4376-A066-2A32D752A2FF}</UniqueIdentifier>
      <Extensions>cpp;c;cc;cxx;def;odl;idl;hpj;bat;asm;asmx</Extensions>
    </Filter>
    <Filter Include="头文件">
      <UniqueIdentifier>{93995380-89BD-4b04-88EB-625FBE52EBFB}</UniqueIdentifier>
      <Extensions>h;hh;hpp;hxx;hm;inl;inc;xsd</Extensions>
    </Filter>
    <Filter Include="资源文件">
      <UniqueIdentifier>{67DA6AB6-F800-4c08-8B7A-83BB121AAD01}</UniqueIdentifier>
      <Extensions>rc;ico;cur;bmp;dlg;rc2;rct;bin;rgs;gif;jpg;jpeg;jpe;resx;tiff;tif;png;wav;mfcribbon-ms</Extensions>
    </Filter>
    <Filter Include="头文件\Entity">
      <UniqueIdentifier>{0bf4b215-19f7-4c18-993c-6ed68446fbeb}</UniqueIdentifier>
    </Filter>
    <Filter Include="头文件\Struct">
      <UniqueIdentifier>{21a81ddc-03c8-474b-8bdb-a23524ebafeb}</UniqueIdentifier>
    </Filter>
    <Filter Include="头文件\Manager">
      <UniqueIdentifier>{4587bb8f-613d-41f9-b1a2-fec8ed591411}</UniqueIdentifier>
    </Filter>
  </ItemGroup>
  <ItemGroup>
    <ClCompile Include="源.cpp">
      <Filter>源文件</Filter>
    </ClCompile>
  </ItemGroup>
  <ItemGroup>
    <ClInclude Include="Param.h">
      <Filter>头文件</Filter>
    </ClInclude>
    <ClInclude Include="Man.h">
      <Filter>头文件\Entity</Filter>
    </ClInclude>
    <ClInclude Include="Crawler.h">
      <Filter>头文件\Entity</Filter>
    </ClInclude>
    <ClInclude Include="Cube.h">
      <Filter>头文件\Entity</Filter>
    </ClInclude>
    <ClInclude Include="TexCube.h">
      <Filter>头文件\Entity</Filter>
    </ClInclude>
    <ClInclude Include="Point.h">
      <Filter>头文件\Struct</Filter>
    </ClInclude>
    <ClInclude Include="visualBall.h">
      <Filter>头文件\Manager</Filter>
    </ClInclude>
    <ClInclude Include="CubeManager.h">
      <Filter>头文件\Manager</Filter>
    </ClInclude>
    <ClInclude Include="LightMaterial.h">
      <Filter>头文件\Manager</Filter>
    </ClInclude>
  </ItemGroup>
</Project>